
Microsoft Visual Studio Solution File, Format Version 12.00
# Visual Studio Version 17
VisualStudioVersion = 17.5.33530.505
MinimumVisualStudioVersion = 10.0.40219.1
Project("{9A19103F-16F7-4668-BE54-9A1E7A4F7556}") = "Zaker_Academy", "Zaker_Academy\Zaker_Academy.csproj", "{D218502C-F5F8-46FB-AC87-3FE25132836F}"
EndProject
Project("{9A19103F-16F7-4668-BE54-9A1E7A4F7556}") = "Zaker_Academy.core", "Zaker_Academy.core\Zaker_Academy.core.csproj", "{A4E0964E-AF2A-41CF-8545-6A0B256545CC}"
EndProject
Project("{9A19103F-16F7-4668-BE54-9A1E7A4F7556}") = "Zaker_Academy.infrastructure", "Zaker_Academy.infrastructure\Zaker_Academy.infrastructure.csproj", "{49EB8CEE-74D1-4B9E-B5BF-E79561280A42}"
EndProject
Project("{9A19103F-16F7-4668-BE54-9A1E7A4F7556}") = "Zaker_Academy.Service", "Zaker_Academy.Service\Zaker_Academy.Service.csproj", "{688A081D-50F8-483F-B7C4-FA6D12DD4BB0}"
EndProject
Project("{9A19103F-16F7-4668-BE54-9A1E7A4F7556}") = "Zaker_Academy.Test", "Zaker_Academy.Test\Zaker_Academy.Test.csproj", "{842A9755-1D5C-41D3-968F-09937B369140}"
EndProject
Global
	GlobalSection(SolutionConfigurationPlatforms) = preSolution
		Debug|Any CPU = Debug|Any CPU
		Release|Any CPU = Release|Any CPU
	EndGlobalSection
	GlobalSection(ProjectConfigurationPlatforms) = postSolution
		{D218502C-F5F8-46FB-AC87-3FE25132836F}.Debug|Any CPU.ActiveCfg = Debug|Any CPU
		{D218502C-F5F8-46FB-AC87-3FE25132836F}.Debug|Any CPU.Build.0 = Debug|Any CPU
		{D218502C-F5F8-46FB-AC87-3FE25132836F}.Release|Any CPU.ActiveCfg = Release|Any CPU
		{D218502C-F5F8-46FB-AC87-3FE25132836F}.Release|Any CPU.Build.0 = Release|Any CPU
		{A4E0964E-AF2A-41CF-8545-6A0B256545CC}.Debug|Any CPU.ActiveCfg = Debug|Any CPU
		{A4E0964E-AF2A-41CF-8545-6A0B256545CC}.Debug|Any CPU.Build.0 = Debug|Any CPU
		{A4E0964E-AF2A-41CF-8545-6A0B256545CC}.Release|Any CPU.ActiveCfg = Release|Any CPU
		{A4E0964E-AF2A-41CF-8545-6A0B256545CC}.Release|Any CPU.Build.0 = Release|Any CPU
		{49EB8CEE-74D1-4B9E-B5BF-E79561280A42}.Debug|Any CPU.ActiveCfg = Debug|Any CPU
		{49EB8CEE-74D1-4B9E-B5BF-E79561280A42}.Debug|Any CPU.Build.0 = Debug|Any CPU
		{49EB8CEE-74D1-4B9E-B5BF-E79561280A42}.Release|Any CPU.ActiveCfg = Release|Any CPU
		{49EB8CEE-74D1-4B9E-B5BF-E79561280A42}.Release|Any CPU.Build.0 = Release|Any CPU
		{688A081D-50F8-483F-B7C4-FA6D12DD4BB0}.Debug|Any CPU.ActiveCfg = Debug|Any CPU
		{688A081D-50F8-483F-B7C4-FA6D12DD4BB0}.Debug|Any CPU.Build.0 = Debug|Any CPU
		{688A081D-50F8-483F-B7C4-FA6D12DD4BB0}.Release|Any CPU.ActiveCfg = Release|Any CPU
		{688A081D-50F8-483F-B7C4-FA6D12DD4BB0}.Release|Any CPU.Build.0 = Release|Any CPU
		{842A9755-1D5C-41D3-968F-09937B369140}.Debug|Any CPU.ActiveCfg = Debug|Any CPU
		{842A9755-1D5C-41D3-968F-09937B369140}.Debug|Any CPU.Build.0 = Debug|Any CPU
		{842A9755-1D5C-41D3-968F-09937B369140}.Release|Any CPU.ActiveCfg = Release|Any CPU
		{842A9755-1D5C-41D3-968F-09937B369140}.Release|Any CPU.Build.0 = Release|Any CPU
	EndGlobalSection
	GlobalSection(SolutionProperties) = preSolution
		HideSolutionNode = FALSE
	EndGlobalSection
	GlobalSection(ExtensibilityGlobals) = postSolution
		SolutionGuid = {CBEA8EAA-979D-4785-B390-20C99A5E038F}
	EndGlobalSection
EndGlobal
